
Microsoft Visual Studio Solution File, Format Version 12.00
# Visual Studio Version 17
VisualStudioVersion = 17.12.35323.107
MinimumVisualStudioVersion = 10.0.40219.1
Project("{8BC9CEB8-8B4A-11D0-8D11-00A0C91BC942}") = "TidalPlayer", "TidalPlayer.vcxproj", "{428AB54B-536D-43ED-B1DF-8CD6156705F1}"
EndProject
Global
	GlobalSection(SolutionConfigurationPlatforms) = preSolution
		Debug|x64 = Debug|x64
		Debug|x86 = Debug|x86
		Release|x64 = Release|x64
		Release|x86 = Release|x86
	EndGlobalSection
	GlobalSection(ProjectConfigurationPlatforms) = postSolution
		{428AB54B-536D-43ED-B1DF-8CD6156705F1}.Debug|x64.ActiveCfg = Debug|x64
		{428AB54B-536D-43ED-B1DF-8CD6156705F1}.Debug|x64.Build.0 = Debug|x64
		{428AB54B-536D-43ED-B1DF-8CD6156705F1}.Debug|x86.ActiveCfg = Debug|Win32
		{428AB54B-536D-43ED-B1DF-8CD6156705F1}.Debug|x86.Build.0 = Debug|Win32
		{428AB54B-536D-43ED-B1DF-8CD6156705F1}.Release|x64.ActiveCfg = Release|x64
		{428AB54B-536D-43ED-B1DF-8CD6156705F1}.Release|x64.Build.0 = Release|x64
		{428AB54B-536D-43ED-B1DF-8CD6156705F1}.Release|x86.ActiveCfg = Release|Win32
		{428AB54B-536D-43ED-B1DF-8CD6156705F1}.Release|x86.Build.0 = Release|Win32
	EndGlobalSection
	GlobalSection(SolutionProperties) = preSolution
		HideSolutionNode = FALSE
	EndGlobalSection
	GlobalSection(ExtensibilityGlobals) = postSolution
		SolutionGuid = {862F0B9A-4494-4200-A6D9-D3A2E984797E}
	EndGlobalSection
EndGlobal
